
Microsoft Visual Studio Solution File, Format Version 12.00
# Visual Studio Version 17
VisualStudioVersion = 17.1.32210.238
MinimumVisualStudioVersion = 10.0.40219.1
Project("{9A19103F-16F7-4668-BE54-9A1E7A4F7556}") = "CSharpTen", "src\CSharpTen\CSharpTen.csproj", "{EAC97729-341B-4A76-8694-AE988BA06CEC}"
EndProject
Global
	GlobalSection(SolutionConfigurationPlatforms) = preSolution
		Debug|Any CPU = Debug|Any CPU
		Release|Any CPU = Release|Any CPU
	EndGlobalSection
	GlobalSection(ProjectConfigurationPlatforms) = postSolution
		{EAC97729-341B-4A76-8694-AE988BA06CEC}.Debug|Any CPU.ActiveCfg = Debug|Any CPU
		{EAC97729-341B-4A76-8694-AE988BA06CEC}.Debug|Any CPU.Build.0 = Debug|Any CPU
		{EAC97729-341B-4A76-8694-AE988BA06CEC}.Release|Any CPU.ActiveCfg = Release|Any CPU
		{EAC97729-341B-4A76-8694-AE988BA06CEC}.Release|Any CPU.Build.0 = Release|Any CPU
	EndGlobalSection
	GlobalSection(SolutionProperties) = preSolution
		HideSolutionNode = FALSE
	EndGlobalSection
	GlobalSection(ExtensibilityGlobals) = postSolution
		SolutionGuid = {2D039799-2D5C-41D3-90F8-CC92B572A86D}
	EndGlobalSection
EndGlobal
